
Microsoft Visual Studio Solution File, Format Version 12.00
# Visual Studio 2012
Project("{FAE04EC0-301F-11D3-BF4B-00C04F79EFBC}") = "XFSMS", "XFSMS\XFSMS.csproj", "{917875FD-22BA-4B1F-B834-249CB5428D39}"
EndProject
Project("{FAE04EC0-301F-11D3-BF4B-00C04F79EFBC}") = "XFSMS.iOS", "iOS\XFSMS.iOS.csproj", "{E957163D-877F-4E84-B9F5-44BA9E383258}"
EndProject
Project("{FAE04EC0-301F-11D3-BF4B-00C04F79EFBC}") = "XFSMS.Droid", "Droid\XFSMS.Droid.csproj", "{34997DAC-7398-42E4-948A-545A14035731}"
EndProject
Global
	GlobalSection(SolutionConfigurationPlatforms) = preSolution
		Debug|Any CPU = Debug|Any CPU
		Release|Any CPU = Release|Any CPU
		Debug|iPhoneSimulator = Debug|iPhoneSimulator
		Release|iPhone = Release|iPhone
		Release|iPhoneSimulator = Release|iPhoneSimulator
		Debug|iPhone = Debug|iPhone
	EndGlobalSection
	GlobalSection(ProjectConfigurationPlatforms) = postSolution
		{917875FD-22BA-4B1F-B834-249CB5428D39}.Debug|Any CPU.ActiveCfg = Debug|Any CPU
		{917875FD-22BA-4B1F-B834-249CB5428D39}.Debug|Any CPU.Build.0 = Debug|Any CPU
		{917875FD-22BA-4B1F-B834-249CB5428D39}.Release|Any CPU.ActiveCfg = Release|Any CPU
		{917875FD-22BA-4B1F-B834-249CB5428D39}.Release|Any CPU.Build.0 = Release|Any CPU
		{917875FD-22BA-4B1F-B834-249CB5428D39}.Debug|iPhoneSimulator.ActiveCfg = Debug|Any CPU
		{917875FD-22BA-4B1F-B834-249CB5428D39}.Debug|iPhoneSimulator.Build.0 = Debug|Any CPU
		{917875FD-22BA-4B1F-B834-249CB5428D39}.Release|iPhone.ActiveCfg = Release|Any CPU
		{917875FD-22BA-4B1F-B834-249CB5428D39}.Release|iPhone.Build.0 = Release|Any CPU
		{917875FD-22BA-4B1F-B834-249CB5428D39}.Release|iPhoneSimulator.ActiveCfg = Release|Any CPU
		{917875FD-22BA-4B1F-B834-249CB5428D39}.Release|iPhoneSimulator.Build.0 = Release|Any CPU
		{917875FD-22BA-4B1F-B834-249CB5428D39}.Debug|iPhone.ActiveCfg = Debug|Any CPU
		{917875FD-22BA-4B1F-B834-249CB5428D39}.Debug|iPhone.Build.0 = Debug|Any CPU
		{E957163D-877F-4E84-B9F5-44BA9E383258}.Debug|Any CPU.ActiveCfg = Debug|iPhoneSimulator
		{E957163D-877F-4E84-B9F5-44BA9E383258}.Debug|Any CPU.Build.0 = Debug|iPhoneSimulator
		{E957163D-877F-4E84-B9F5-44BA9E383258}.Release|Any CPU.ActiveCfg = Release|iPhone
		{E957163D-877F-4E84-B9F5-44BA9E383258}.Release|Any CPU.Build.0 = Release|iPhone
		{E957163D-877F-4E84-B9F5-44BA9E383258}.Debug|iPhoneSimulator.ActiveCfg = Debug|iPhoneSimulator
		{E957163D-877F-4E84-B9F5-44BA9E383258}.Debug|iPhoneSimulator.Build.0 = Debug|iPhoneSimulator
		{E957163D-877F-4E84-B9F5-44BA9E383258}.Release|iPhone.ActiveCfg = Release|iPhone
		{E957163D-877F-4E84-B9F5-44BA9E383258}.Release|iPhone.Build.0 = Release|iPhone
		{E957163D-877F-4E84-B9F5-44BA9E383258}.Release|iPhoneSimulator.ActiveCfg = Release|iPhoneSimulator
		{E957163D-877F-4E84-B9F5-44BA9E383258}.Release|iPhoneSimulator.Build.0 = Release|iPhoneSimulator
		{E957163D-877F-4E84-B9F5-44BA9E383258}.Debug|iPhone.ActiveCfg = Debug|iPhone
		{E957163D-877F-4E84-B9F5-44BA9E383258}.Debug|iPhone.Build.0 = Debug|iPhone
		{34997DAC-7398-42E4-948A-545A14035731}.Debug|Any CPU.ActiveCfg = Debug|Any CPU
		{34997DAC-7398-42E4-948A-545A14035731}.Debug|Any CPU.Build.0 = Debug|Any CPU
		{34997DAC-7398-42E4-948A-545A14035731}.Release|Any CPU.ActiveCfg = Release|Any CPU
		{34997DAC-7398-42E4-948A-545A14035731}.Release|Any CPU.Build.0 = Release|Any CPU
		{34997DAC-7398-42E4-948A-545A14035731}.Debug|iPhoneSimulator.ActiveCfg = Debug|Any CPU
		{34997DAC-7398-42E4-948A-545A14035731}.Debug|iPhoneSimulator.Build.0 = Debug|Any CPU
		{34997DAC-7398-42E4-948A-545A14035731}.Release|iPhone.ActiveCfg = Release|Any CPU
		{34997DAC-7398-42E4-948A-545A14035731}.Release|iPhone.Build.0 = Release|Any CPU
		{34997DAC-7398-42E4-948A-545A14035731}.Release|iPhoneSimulator.ActiveCfg = Release|Any CPU
		{34997DAC-7398-42E4-948A-545A14035731}.Release|iPhoneSimulator.Build.0 = Release|Any CPU
		{34997DAC-7398-42E4-948A-545A14035731}.Debug|iPhone.ActiveCfg = Debug|Any CPU
		{34997DAC-7398-42E4-948A-545A14035731}.Debug|iPhone.Build.0 = Debug|Any CPU
	EndGlobalSection
EndGlobal
